Microsoft Visual Studio Solution File, Format Version 11.00
# Visual Studio 2008

Project("{C8A0E507-8C73-6C1E-A418-7AC4D0AA92D2}") = "ProceduralTest2", "Assembly-CSharp.csproj", "{BB80446B-D96C-4C48-B927-63D0F4CB4B98}"
EndProject
Global
	GlobalSection(SolutionConfigurationPlatforms) = preSolution
		Debug|Any CPU = Debug|Any CPU
		Release|Any CPU = Release|Any CPU
	EndGlobalSection
	GlobalSection(ProjectConfigurationPlatforms) = postSolution
		{BB80446B-D96C-4C48-B927-63D0F4CB4B98}.Debug|Any CPU.ActiveCfg = Debug|Any CPU
		{BB80446B-D96C-4C48-B927-63D0F4CB4B98}.Debug|Any CPU.Build.0 = Debug|Any CPU
		{BB80446B-D96C-4C48-B927-63D0F4CB4B98}.Release|Any CPU.ActiveCfg = Release|Any CPU
		{BB80446B-D96C-4C48-B927-63D0F4CB4B98}.Release|Any CPU.Build.0 = Release|Any CPU
	EndGlobalSection
	GlobalSection(SolutionProperties) = preSolution
		HideSolutionNode = FALSE
	EndGlobalSection
																					GlobalSection(MonoDevelopProperties) = preSolution
=======
																			GlobalSection(MonoDevelopProperties) = preSolution
>>>>>>> origin/master
		StartupItem = Assembly-CSharp.csproj
		Policies = $0
		$0.TextStylePolicy = $1
		$1.inheritsSet = VisualStudio
		$1.inheritsScope = text/plain
		$1.scope = text/x-csharp
		$0.CSharpFormattingPolicy = $2
		$2.IndentSwitchBody = True
		$2.AnonymousMethodBraceStyle = NextLine
		$2.PropertyBraceStyle = NextLine
		$2.PropertyGetBraceStyle = NextLine
		$2.PropertySetBraceStyle = NextLine
		$2.EventBraceStyle = NextLine
		$2.EventAddBraceStyle = NextLine
		$2.EventRemoveBraceStyle = NextLine
		$2.StatementBraceStyle = NextLine
		$2.ArrayInitializerBraceStyle = NextLine
		$2.BeforeMethodDeclarationParentheses = False
		$2.BeforeMethodCallParentheses = False
		$2.BeforeConstructorDeclarationParentheses = False
		$2.BeforeDelegateDeclarationParentheses = False
		$2.NewParentheses = False
		$2.inheritsSet = Mono
		$2.inheritsScope = text/x-csharp
		$2.scope = text/x-csharp
		$0.TextStylePolicy = $3
		$3.FileWidth = 120
		$3.TabsToSpaces = False
		$3.EolMarker = Unix
		$3.inheritsSet = VisualStudio
		$3.inheritsScope = text/plain
		$3.scope = text/plain
		$0.DotNetNamingPolicy = $4
		$4.DirectoryNamespaceAssociation = None
		$4.ResourceNamePolicy = FileFormatDefault
		GlobalSection(MonoDevelopProperties) = preSolution
	EndGlobalSection

EndGlobal
